
Microsoft Visual Studio Solution File, Format Version 12.00
# Visual Studio 15
Project("{FAE04EC0-301F-11D3-BF4B-00C04F79EFBC}") = "Assembly-CSharp", "Assembly-CSharp.csproj", "{DB34D026-7851-BE0D-142C-E64CB7116D50}"
EndProject
Global
	GlobalSection(SolutionConfigurationPlatforms) = preSolution
		Debug|Any CPU = Debug|Any CPU
		Release|Any CPU = Release|Any CPU
	EndGlobalSection
	GlobalSection(ProjectConfigurationPlatforms) = postSolution
		{DB34D026-7851-BE0D-142C-E64CB7116D50}.Debug|Any CPU.ActiveCfg = Debug|Any CPU
		{DB34D026-7851-BE0D-142C-E64CB7116D50}.Debug|Any CPU.Build.0 = Debug|Any CPU
		{DB34D026-7851-BE0D-142C-E64CB7116D50}.Release|Any CPU.ActiveCfg = Release|Any CPU
		{DB34D026-7851-BE0D-142C-E64CB7116D50}.Release|Any CPU.Build.0 = Release|Any CPU
	EndGlobalSection
	GlobalSection(SolutionProperties) = preSolution
		HideSolutionNode = FALSE
	EndGlobalSection
EndGlobal
